// !$*UTF8*$!
{
	archiveVersion = 1;
	classes = {
	};
	objectVersion = 46;
	objects = {

/* Begin PBXBuildFile section */
		0E967A2158FD0B08F6E143C7 /* Pods_PeakOperation_macOS.framework in Frameworks */ = {isa = PBXBuildFile; fileRef = 97DC77FD284869034D55517C /* Pods_PeakOperation_macOS.framework */; };
		1830B15C219D8F7700AC862F /* BlockResultOperation.swift in Sources */ = {isa = PBXBuildFile; fileRef = CB4C117C1DF9818500837343 /* BlockResultOperation.swift */; };
		1830B15D219D8F7700AC862F /* Collection+Operations.swift in Sources */ = {isa = PBXBuildFile; fileRef = CB47513B1E3A4A4400A43672 /* Collection+Operations.swift */; };
		1830B15E219D8F7700AC862F /* ConcurrentOperation.swift in Sources */ = {isa = PBXBuildFile; fileRef = 8D1A2D771E951E2F001EF435 /* ConcurrentOperation.swift */; };
		1830B15F219D8F7700AC862F /* GroupChainOperation.swift in Sources */ = {isa = PBXBuildFile; fileRef = CB3178701FD7FE9800B063ED /* GroupChainOperation.swift */; };
		1830B160219D8F7700AC862F /* MapOperation.swift in Sources */ = {isa = PBXBuildFile; fileRef = CB4C11791DF9818500837343 /* MapOperation.swift */; };
		1830B161219D8F7700AC862F /* Operation+Queue.swift in Sources */ = {isa = PBXBuildFile; fileRef = CB47513D1E3A4AA500A43672 /* Operation+Queue.swift */; };
		1830B162219D8F7700AC862F /* RetryingOperation.swift in Sources */ = {isa = PBXBuildFile; fileRef = CB4C117D1DF9818500837343 /* RetryingOperation.swift */; };
		1830B163219D8F7700AC862F /* UsingResult.swift in Sources */ = {isa = PBXBuildFile; fileRef = CB4C117B1DF9818500837343 /* UsingResult.swift */; };
		1864BE6D21998B79004E5436 /* PeakOperation_macOS.framework in Frameworks */ = {isa = PBXBuildFile; fileRef = 1864BE6421998B79004E5436 /* PeakOperation_macOS.framework */; };
		1864BE8221998F54004E5436 /* PeakOperation.h in Headers */ = {isa = PBXBuildFile; fileRef = CB4C115F1DF9800600837343 /* PeakOperation.h */; };
		18D0B5B020FCE6E200CD77F6 /* PeakOperationTests.swift in Sources */ = {isa = PBXBuildFile; fileRef = 18D0B5AF20FCE6E200CD77F6 /* PeakOperationTests.swift */; };
		827CA5581E7C8640437CAE73 /* Pods_PeakOperation_iOS.framework in Frameworks */ = {isa = PBXBuildFile; fileRef = F1B54F06F6762B892245C7B3 /* Pods_PeakOperation_iOS.framework */; };
		8D1A2D781E951E2F001EF435 /* ConcurrentOperation.swift in Sources */ = {isa = PBXBuildFile; fileRef = 8D1A2D771E951E2F001EF435 /* ConcurrentOperation.swift */; };
		CB3178711FD7FE9800B063ED /* GroupChainOperation.swift in Sources */ = {isa = PBXBuildFile; fileRef = CB3178701FD7FE9800B063ED /* GroupChainOperation.swift */; };
		CB47513C1E3A4A4400A43672 /* Collection+Operations.swift in Sources */ = {isa = PBXBuildFile; fileRef = CB47513B1E3A4A4400A43672 /* Collection+Operations.swift */; };
		CB47513E1E3A4AA500A43672 /* Operation+Queue.swift in Sources */ = {isa = PBXBuildFile; fileRef = CB47513D1E3A4AA500A43672 /* Operation+Queue.swift */; };
		CB4C11661DF9800600837343 /* PeakOperation_iOS.framework in Frameworks */ = {isa = PBXBuildFile; fileRef = CB4C115C1DF9800600837343 /* PeakOperation_iOS.framework */; };
		CB4C116D1DF9800600837343 /* PeakOperation.h in Headers */ = {isa = PBXBuildFile; fileRef = CB4C115F1DF9800600837343 /* PeakOperation.h */; settings = {ATTRIBUTES = (Public, ); }; };
		CB4C11811DF9818500837343 /* MapOperation.swift in Sources */ = {isa = PBXBuildFile; fileRef = CB4C11791DF9818500837343 /* MapOperation.swift */; };
		CB4C11831DF9818500837343 /* UsingResult.swift in Sources */ = {isa = PBXBuildFile; fileRef = CB4C117B1DF9818500837343 /* UsingResult.swift */; };
		CB4C11841DF9818500837343 /* BlockResultOperation.swift in Sources */ = {isa = PBXBuildFile; fileRef = CB4C117C1DF9818500837343 /* BlockResultOperation.swift */; };
		CB4C11851DF9818500837343 /* RetryingOperation.swift in Sources */ = {isa = PBXBuildFile; fileRef = CB4C117D1DF9818500837343 /* RetryingOperation.swift */; };
		CFB3052151CBD1EC7882FE4D /* Pods_PeakOperation_iOSTests.framework in Frameworks */ = {isa = PBXBuildFile; fileRef = D7E8FF9A2649D08DE9DC1EF3 /* Pods_PeakOperation_iOSTests.framework */; };
		ECABFFCF63241449B681DD63 /* Pods_PeakOperation_macOSTests.framework in Frameworks */ = {isa = PBXBuildFile; fileRef = BEE01D7998829E83823F8DEC /* Pods_PeakOperation_macOSTests.framework */; };
/* End PBXBuildFile section */

/* Begin PBXContainerItemProxy section */
		1864BE6E21998B79004E5436 /* PBXContainerItemProxy */ = {
			isa = PBXContainerItemProxy;
			containerPortal = CB4C11531DF9800600837343 /* Project object */;
			proxyType = 1;
			remoteGlobalIDString = 1864BE6321998B79004E5436;
			remoteInfo = "PeakOperation-macOS";
		};
		CB4C11671DF9800600837343 /* PBXContainerItemProxy */ = {
			isa = PBXContainerItemProxy;
			containerPortal = CB4C11531DF9800600837343 /* Project object */;
			proxyType = 1;
			remoteGlobalIDString = CB4C115B1DF9800600837343;
			remoteInfo = Operation;
		};
/* End PBXContainerItemProxy section */

/* Begin PBXFileReference section */
		1864BE6421998B79004E5436 /* PeakOperation_macOS.framework */ = {isa = PBXFileReference; explicitFileType = wrapper.framework; includeInIndex = 0; path = PeakOperation_macOS.framework; sourceTree = BUILT_PRODUCTS_DIR; };
		1864BE6721998B79004E5436 /* Info.plist */ = {isa = PBXFileReference; lastKnownFileType = text.plist.xml; path = Info.plist; sourceTree = "<group>"; };
		1864BE6C21998B79004E5436 /* PeakOperation_macOSTests.xctest */ = {isa = PBXFileReference; explicitFileType = wrapper.cfbundle; includeInIndex = 0; path = PeakOperation_macOSTests.xctest; sourceTree = BUILT_PRODUCTS_DIR; };
		1864BE7321998B79004E5436 /* Info.plist */ = {isa = PBXFileReference; lastKnownFileType = text.plist.xml; path = Info.plist; sourceTree = "<group>"; };
		18D0B5AF20FCE6E200CD77F6 /* PeakOperationTests.swift */ = {isa = PBXFileReference; fileEncoding = 4; lastKnownFileType = sourcecode.swift; path = PeakOperationTests.swift; sourceTree = "<group>"; };
		1A9889E0EFBED43B1C4B338A /* Pods-PeakOperation-iOS.release.xcconfig */ = {isa = PBXFileReference; includeInIndex = 1; lastKnownFileType = text.xcconfig; name = "Pods-PeakOperation-iOS.release.xcconfig"; path = "Pods/Target Support Files/Pods-PeakOperation-iOS/Pods-PeakOperation-iOS.release.xcconfig"; sourceTree = "<group>"; };
		764123E2025C68472F9EB8C7 /* Pods-PeakOperation-macOS.debug.xcconfig */ = {isa = PBXFileReference; includeInIndex = 1; lastKnownFileType = text.xcconfig; name = "Pods-PeakOperation-macOS.debug.xcconfig"; path = "Pods/Target Support Files/Pods-PeakOperation-macOS/Pods-PeakOperation-macOS.debug.xcconfig"; sourceTree = "<group>"; };
		8D1A2D771E951E2F001EF435 /* ConcurrentOperation.swift */ = {isa = PBXFileReference; fileEncoding = 4; lastKnownFileType = sourcecode.swift; path = ConcurrentOperation.swift; sourceTree = "<group>"; };
		912B1A5DF9693DF046079D87 /* Pods-PeakOperation-iOSTests.debug.xcconfig */ = {isa = PBXFileReference; includeInIndex = 1; lastKnownFileType = text.xcconfig; name = "Pods-PeakOperation-iOSTests.debug.xcconfig"; path = "Pods/Target Support Files/Pods-PeakOperation-iOSTests/Pods-PeakOperation-iOSTests.debug.xcconfig"; sourceTree = "<group>"; };
		97DC77FD284869034D55517C /* Pods_PeakOperation_macOS.framework */ = {isa = PBXFileReference; explicitFileType = wrapper.framework; includeInIndex = 0; path = Pods_PeakOperation_macOS.framework; sourceTree = BUILT_PRODUCTS_DIR; };
		A02678E7450079FCCCDECEF5 /* Pods-PeakOperation-macOSTests.release.xcconfig */ = {isa = PBXFileReference; includeInIndex = 1; lastKnownFileType = text.xcconfig; name = "Pods-PeakOperation-macOSTests.release.xcconfig"; path = "Pods/Target Support Files/Pods-PeakOperation-macOSTests/Pods-PeakOperation-macOSTests.release.xcconfig"; sourceTree = "<group>"; };
		BEE01D7998829E83823F8DEC /* Pods_PeakOperation_macOSTests.framework */ = {isa = PBXFileReference; explicitFileType = wrapper.framework; includeInIndex = 0; path = Pods_PeakOperation_macOSTests.framework; sourceTree = BUILT_PRODUCTS_DIR; };
		C4D9FC37F36B741BC4BAE8B8 /* Pods-PeakOperation-macOSTests.debug.xcconfig */ = {isa = PBXFileReference; includeInIndex = 1; lastKnownFileType = text.xcconfig; name = "Pods-PeakOperation-macOSTests.debug.xcconfig"; path = "Pods/Target Support Files/Pods-PeakOperation-macOSTests/Pods-PeakOperation-macOSTests.debug.xcconfig"; sourceTree = "<group>"; };
		C539CB07B15B4306F904908F /* Pods-PeakOperation-iOSTests.release.xcconfig */ = {isa = PBXFileReference; includeInIndex = 1; lastKnownFileType = text.xcconfig; name = "Pods-PeakOperation-iOSTests.release.xcconfig"; path = "Pods/Target Support Files/Pods-PeakOperation-iOSTests/Pods-PeakOperation-iOSTests.release.xcconfig"; sourceTree = "<group>"; };
		CB3178701FD7FE9800B063ED /* GroupChainOperation.swift */ = {isa = PBXFileReference; fileEncoding = 4; lastKnownFileType = sourcecode.swift; path = GroupChainOperation.swift; sourceTree = "<group>"; };
		CB47513B1E3A4A4400A43672 /* Collection+Operations.swift */ = {isa = PBXFileReference; fileEncoding = 4; lastKnownFileType = sourcecode.swift; path = "Collection+Operations.swift"; sourceTree = "<group>"; };
		CB47513D1E3A4AA500A43672 /* Operation+Queue.swift */ = {isa = PBXFileReference; fileEncoding = 4; lastKnownFileType = sourcecode.swift; path = "Operation+Queue.swift"; sourceTree = "<group>"; };
		CB4C115C1DF9800600837343 /* PeakOperation_iOS.framework */ = {isa = PBXFileReference; explicitFileType = wrapper.framework; includeInIndex = 0; path = PeakOperation_iOS.framework; sourceTree = BUILT_PRODUCTS_DIR; };
		CB4C115F1DF9800600837343 /* PeakOperation.h */ = {isa = PBXFileReference; lastKnownFileType = sourcecode.c.h; path = PeakOperation.h; sourceTree = "<group>"; };
		CB4C11601DF9800600837343 /* Info.plist */ = {isa = PBXFileReference; lastKnownFileType = text.plist.xml; path = Info.plist; sourceTree = "<group>"; };
		CB4C11651DF9800600837343 /* PeakOperation_iOSTests.xctest */ = {isa = PBXFileReference; explicitFileType = wrapper.cfbundle; includeInIndex = 0; path = PeakOperation_iOSTests.xctest; sourceTree = BUILT_PRODUCTS_DIR; };
		CB4C116C1DF9800600837343 /* Info.plist */ = {isa = PBXFileReference; lastKnownFileType = text.plist.xml; path = Info.plist; sourceTree = "<group>"; };
		CB4C11791DF9818500837343 /* MapOperation.swift */ = {isa = PBXFileReference; fileEncoding = 4; lastKnownFileType = sourcecode.swift; path = MapOperation.swift; sourceTree = "<group>"; };
		CB4C117B1DF9818500837343 /* UsingResult.swift */ = {isa = PBXFileReference; fileEncoding = 4; lastKnownFileType = sourcecode.swift; path = UsingResult.swift; sourceTree = "<group>"; };
		CB4C117C1DF9818500837343 /* BlockResultOperation.swift */ = {isa = PBXFileReference; fileEncoding = 4; lastKnownFileType = sourcecode.swift; path = BlockResultOperation.swift; sourceTree = "<group>"; };
		CB4C117D1DF9818500837343 /* RetryingOperation.swift */ = {isa = PBXFileReference; fileEncoding = 4; lastKnownFileType = sourcecode.swift; path = RetryingOperation.swift; sourceTree = "<group>"; };
		D491E143BA2208470DC02111 /* Pods-PeakOperation-macOS.release.xcconfig */ = {isa = PBXFileReference; includeInIndex = 1; lastKnownFileType = text.xcconfig; name = "Pods-PeakOperation-macOS.release.xcconfig"; path = "Pods/Target Support Files/Pods-PeakOperation-macOS/Pods-PeakOperation-macOS.release.xcconfig"; sourceTree = "<group>"; };
		D7E8FF9A2649D08DE9DC1EF3 /* Pods_PeakOperation_iOSTests.framework */ = {isa = PBXFileReference; explicitFileType = wrapper.framework; includeInIndex = 0; path = Pods_PeakOperation_iOSTests.framework; sourceTree = BUILT_PRODUCTS_DIR; };
		E3067FE28CC26F0E7ACEA0F2 /* Pods-PeakOperation-iOS.debug.xcconfig */ = {isa = PBXFileReference; includeInIndex = 1; lastKnownFileType = text.xcconfig; name = "Pods-PeakOperation-iOS.debug.xcconfig"; path = "Pods/Target Support Files/Pods-PeakOperation-iOS/Pods-PeakOperation-iOS.debug.xcconfig"; sourceTree = "<group>"; };
		F1B54F06F6762B892245C7B3 /* Pods_PeakOperation_iOS.framework */ = {isa = PBXFileReference; explicitFileType = wrapper.framework; includeInIndex = 0; path = Pods_PeakOperation_iOS.framework; sourceTree = BUILT_PRODUCTS_DIR; };
/* End PBXFileReference section */

/* Begin PBXFrameworksBuildPhase section */
		1864BE6121998B79004E5436 /* Frameworks */ = {
			isa = PBXFrameworksBuildPhase;
			buildActionMask = 2147483647;
			files = (
				0E967A2158FD0B08F6E143C7 /* Pods_PeakOperation_macOS.framework in Frameworks */,
			);
			runOnlyForDeploymentPostprocessing = 0;
		};
		1864BE6921998B79004E5436 /* Frameworks */ = {
			isa = PBXFrameworksBuildPhase;
			buildActionMask = 2147483647;
			files = (
				1864BE6D21998B79004E5436 /* PeakOperation_macOS.framework in Frameworks */,
				ECABFFCF63241449B681DD63 /* Pods_PeakOperation_macOSTests.framework in Frameworks */,
			);
			runOnlyForDeploymentPostprocessing = 0;
		};
		CB4C11581DF9800600837343 /* Frameworks */ = {
			isa = PBXFrameworksBuildPhase;
			buildActionMask = 2147483647;
			files = (
				827CA5581E7C8640437CAE73 /* Pods_PeakOperation_iOS.framework in Frameworks */,
			);
			runOnlyForDeploymentPostprocessing = 0;
		};
		CB4C11621DF9800600837343 /* Frameworks */ = {
			isa = PBXFrameworksBuildPhase;
			buildActionMask = 2147483647;
			files = (
				CB4C11661DF9800600837343 /* PeakOperation_iOS.framework in Frameworks */,
				CFB3052151CBD1EC7882FE4D /* Pods_PeakOperation_iOSTests.framework in Frameworks */,
			);
			runOnlyForDeploymentPostprocessing = 0;
		};
/* End PBXFrameworksBuildPhase section */

/* Begin PBXGroup section */
		015E20B26381A33EF53D8643 /* Pods */ = {
			isa = PBXGroup;
			children = (
				E3067FE28CC26F0E7ACEA0F2 /* Pods-PeakOperation-iOS.debug.xcconfig */,
				1A9889E0EFBED43B1C4B338A /* Pods-PeakOperation-iOS.release.xcconfig */,
				912B1A5DF9693DF046079D87 /* Pods-PeakOperation-iOSTests.debug.xcconfig */,
				C539CB07B15B4306F904908F /* Pods-PeakOperation-iOSTests.release.xcconfig */,
				764123E2025C68472F9EB8C7 /* Pods-PeakOperation-macOS.debug.xcconfig */,
				D491E143BA2208470DC02111 /* Pods-PeakOperation-macOS.release.xcconfig */,
				C4D9FC37F36B741BC4BAE8B8 /* Pods-PeakOperation-macOSTests.debug.xcconfig */,
				A02678E7450079FCCCDECEF5 /* Pods-PeakOperation-macOSTests.release.xcconfig */,
			);
			name = Pods;
			sourceTree = "<group>";
		};
		03B77AA2471D0BEC2E366485 /* Frameworks */ = {
			isa = PBXGroup;
			children = (
				F1B54F06F6762B892245C7B3 /* Pods_PeakOperation_iOS.framework */,
				D7E8FF9A2649D08DE9DC1EF3 /* Pods_PeakOperation_iOSTests.framework */,
				97DC77FD284869034D55517C /* Pods_PeakOperation_macOS.framework */,
				BEE01D7998829E83823F8DEC /* Pods_PeakOperation_macOSTests.framework */,
			);
			name = Frameworks;
			sourceTree = "<group>";
		};
		1864BE5D21998A6E004E5436 /* Core */ = {
			isa = PBXGroup;
			children = (
				CB4C117C1DF9818500837343 /* BlockResultOperation.swift */,
				CB47513B1E3A4A4400A43672 /* Collection+Operations.swift */,
				8D1A2D771E951E2F001EF435 /* ConcurrentOperation.swift */,
				CB3178701FD7FE9800B063ED /* GroupChainOperation.swift */,
				CB4C11791DF9818500837343 /* MapOperation.swift */,
				CB47513D1E3A4AA500A43672 /* Operation+Queue.swift */,
				CB4C115F1DF9800600837343 /* PeakOperation.h */,
				CB4C117D1DF9818500837343 /* RetryingOperation.swift */,
				CB4C117B1DF9818500837343 /* UsingResult.swift */,
			);
			path = Core;
			sourceTree = "<group>";
		};
		1864BE5E21998AA7004E5436 /* Core */ = {
			isa = PBXGroup;
			children = (
				18D0B5AF20FCE6E200CD77F6 /* PeakOperationTests.swift */,
			);
			path = Core;
			sourceTree = "<group>";
		};
		1864BE7B21998B99004E5436 /* Platforms */ = {
			isa = PBXGroup;
			children = (
				1864BE7C21998B9F004E5436 /* iOS */,
				1864BE7D21998BA4004E5436 /* macOS */,
			);
			path = Platforms;
			sourceTree = "<group>";
		};
		1864BE7C21998B9F004E5436 /* iOS */ = {
			isa = PBXGroup;
			children = (
				CB4C116C1DF9800600837343 /* Info.plist */,
			);
			path = iOS;
			sourceTree = "<group>";
		};
		1864BE7D21998BA4004E5436 /* macOS */ = {
			isa = PBXGroup;
			children = (
				1864BE7321998B79004E5436 /* Info.plist */,
			);
			path = macOS;
			sourceTree = "<group>";
		};
		1864BE7F21998C31004E5436 /* Platforms */ = {
			isa = PBXGroup;
			children = (
				1864BE8021998C37004E5436 /* iOS */,
				1864BE8121998C3F004E5436 /* macOS */,
			);
			path = Platforms;
			sourceTree = "<group>";
		};
		1864BE8021998C37004E5436 /* iOS */ = {
			isa = PBXGroup;
			children = (
				CB4C11601DF9800600837343 /* Info.plist */,
			);
			path = iOS;
			sourceTree = "<group>";
		};
		1864BE8121998C3F004E5436 /* macOS */ = {
			isa = PBXGroup;
			children = (
				1864BE6721998B79004E5436 /* Info.plist */,
			);
			path = macOS;
			sourceTree = "<group>";
		};
		CB4C11521DF9800600837343 = {
			isa = PBXGroup;
			children = (
				CB4C115E1DF9800600837343 /* PeakOperation */,
				CB4C11691DF9800600837343 /* Unit Tests */,
				CB4C115D1DF9800600837343 /* Products */,
				015E20B26381A33EF53D8643 /* Pods */,
				03B77AA2471D0BEC2E366485 /* Frameworks */,
			);
			sourceTree = "<group>";
		};
		CB4C115D1DF9800600837343 /* Products */ = {
			isa = PBXGroup;
			children = (
				CB4C115C1DF9800600837343 /* PeakOperation_iOS.framework */,
				CB4C11651DF9800600837343 /* PeakOperation_iOSTests.xctest */,
				1864BE6421998B79004E5436 /* PeakOperation_macOS.framework */,
				1864BE6C21998B79004E5436 /* PeakOperation_macOSTests.xctest */,
			);
			name = Products;
			sourceTree = "<group>";
		};
		CB4C115E1DF9800600837343 /* PeakOperation */ = {
			isa = PBXGroup;
			children = (
				1864BE5D21998A6E004E5436 /* Core */,
				1864BE7F21998C31004E5436 /* Platforms */,
			);
			path = PeakOperation;
			sourceTree = "<group>";
		};
		CB4C11691DF9800600837343 /* Unit Tests */ = {
			isa = PBXGroup;
			children = (
				1864BE5E21998AA7004E5436 /* Core */,
				1864BE7B21998B99004E5436 /* Platforms */,
			);
			path = "Unit Tests";
			sourceTree = "<group>";
		};
/* End PBXGroup section */

/* Begin PBXHeadersBuildPhase section */
		1864BE5F21998B79004E5436 /* Headers */ = {
			isa = PBXHeadersBuildPhase;
			buildActionMask = 2147483647;
			files = (
				1864BE8221998F54004E5436 /* PeakOperation.h in Headers */,
			);
			runOnlyForDeploymentPostprocessing = 0;
		};
		CB4C11591DF9800600837343 /* Headers */ = {
			isa = PBXHeadersBuildPhase;
			buildActionMask = 2147483647;
			files = (
				CB4C116D1DF9800600837343 /* PeakOperation.h in Headers */,
			);
			runOnlyForDeploymentPostprocessing = 0;
		};
/* End PBXHeadersBuildPhase section */

/* Begin PBXNativeTarget section */
		1864BE6321998B79004E5436 /* PeakOperation-macOS */ = {
			isa = PBXNativeTarget;
			buildConfigurationList = 1864BE7521998B79004E5436 /* Build configuration list for PBXNativeTarget "PeakOperation-macOS" */;
			buildPhases = (
				D6AC371085DD08F0BC90ADEE /* [CP] Check Pods Manifest.lock */,
				1864BE5F21998B79004E5436 /* Headers */,
				1864BE6021998B79004E5436 /* Sources */,
				1864BE6121998B79004E5436 /* Frameworks */,
				1864BE6221998B79004E5436 /* Resources */,
			);
			buildRules = (
			);
			dependencies = (
			);
			name = "PeakOperation-macOS";
			productName = "PeakOperation-macOS";
			productReference = 1864BE6421998B79004E5436 /* PeakOperation_macOS.framework */;
			productType = "com.apple.product-type.framework";
		};
		1864BE6B21998B79004E5436 /* PeakOperation-macOSTests */ = {
			isa = PBXNativeTarget;
			buildConfigurationList = 1864BE7821998B79004E5436 /* Build configuration list for PBXNativeTarget "PeakOperation-macOSTests" */;
			buildPhases = (
				59069A59756EED0769177FB4 /* [CP] Check Pods Manifest.lock */,
				1864BE6821998B79004E5436 /* Sources */,
				1864BE6921998B79004E5436 /* Frameworks */,
				1864BE6A21998B79004E5436 /* Resources */,
			);
			buildRules = (
			);
			dependencies = (
				1864BE6F21998B79004E5436 /* PBXTargetDependency */,
			);
			name = "PeakOperation-macOSTests";
			productName = "PeakOperation-macOSTests";
			productReference = 1864BE6C21998B79004E5436 /* PeakOperation_macOSTests.xctest */;
			productType = "com.apple.product-type.bundle.unit-test";
		};
		CB4C115B1DF9800600837343 /* PeakOperation-iOS */ = {
			isa = PBXNativeTarget;
			buildConfigurationList = CB4C11701DF9800600837343 /* Build configuration list for PBXNativeTarget "PeakOperation-iOS" */;
			buildPhases = (
				583D7ADD3FB2065E2885BA39 /* [CP] Check Pods Manifest.lock */,
				CB4C11571DF9800600837343 /* Sources */,
				CB4C11581DF9800600837343 /* Frameworks */,
				CB4C11591DF9800600837343 /* Headers */,
				CB4C115A1DF9800600837343 /* Resources */,
			);
			buildRules = (
			);
			dependencies = (
			);
			name = "PeakOperation-iOS";
			productName = Operation;
			productReference = CB4C115C1DF9800600837343 /* PeakOperation_iOS.framework */;
			productType = "com.apple.product-type.framework";
		};
		CB4C11641DF9800600837343 /* PeakOperation-iOSTests */ = {
			isa = PBXNativeTarget;
			buildConfigurationList = CB4C11731DF9800600837343 /* Build configuration list for PBXNativeTarget "PeakOperation-iOSTests" */;
			buildPhases = (
				1A8813317C473FA16FB05C7A /* [CP] Check Pods Manifest.lock */,
				CB4C11611DF9800600837343 /* Sources */,
				CB4C11621DF9800600837343 /* Frameworks */,
				CB4C11631DF9800600837343 /* Resources */,
			);
			buildRules = (
			);
			dependencies = (
				CB4C11681DF9800600837343 /* PBXTargetDependency */,
			);
			name = "PeakOperation-iOSTests";
			productName = OperationTests;
			productReference = CB4C11651DF9800600837343 /* PeakOperation_iOSTests.xctest */;
			productType = "com.apple.product-type.bundle.unit-test";
		};
/* End PBXNativeTarget section */

/* Begin PBXProject section */
		CB4C11531DF9800600837343 /* Project object */ = {
			isa = PBXProject;
			attributes = {
				LastSwiftUpdateCheck = 1010;
				LastUpgradeCheck = 0930;
				ORGANIZATIONNAME = 3Squared;
				TargetAttributes = {
					1864BE6321998B79004E5436 = {
						CreatedOnToolsVersion = 10.1;
						ProvisioningStyle = Automatic;
					};
					1864BE6B21998B79004E5436 = {
						CreatedOnToolsVersion = 10.1;
						ProvisioningStyle = Automatic;
					};
					CB4C115B1DF9800600837343 = {
						CreatedOnToolsVersion = 8.1;
						LastSwiftMigration = 1000;
						ProvisioningStyle = Automatic;
					};
					CB4C11641DF9800600837343 = {
						CreatedOnToolsVersion = 8.1;
						LastSwiftMigration = 1000;
						ProvisioningStyle = Automatic;
					};
				};
			};
			buildConfigurationList = CB4C11561DF9800600837343 /* Build configuration list for PBXProject "PeakOperation" */;
			compatibilityVersion = "Xcode 3.2";
			developmentRegion = English;
			hasScannedForEncodings = 0;
			knownRegions = (
				en,
			);
			mainGroup = CB4C11521DF9800600837343;
			productRefGroup = CB4C115D1DF9800600837343 /* Products */;
			projectDirPath = "";
			projectRoot = "";
			targets = (
				CB4C115B1DF9800600837343 /* PeakOperation-iOS */,
				CB4C11641DF9800600837343 /* PeakOperation-iOSTests */,
				1864BE6321998B79004E5436 /* PeakOperation-macOS */,
				1864BE6B21998B79004E5436 /* PeakOperation-macOSTests */,
			);
		};
/* End PBXProject section */

/* Begin PBXResourcesBuildPhase section */
		1864BE6221998B79004E5436 /* Resources */ = {
			isa = PBXResourcesBuildPhase;
			buildActionMask = 2147483647;
			files = (
			);
			runOnlyForDeploymentPostprocessing = 0;
		};
		1864BE6A21998B79004E5436 /* Resources */ = {
			isa = PBXResourcesBuildPhase;
			buildActionMask = 2147483647;
			files = (
			);
			runOnlyForDeploymentPostprocessing = 0;
		};
		CB4C115A1DF9800600837343 /* Resources */ = {
			isa = PBXResourcesBuildPhase;
			buildActionMask = 2147483647;
			files = (
			);
			runOnlyForDeploymentPostprocessing = 0;
		};
		CB4C11631DF9800600837343 /* Resources */ = {
			isa = PBXResourcesBuildPhase;
			buildActionMask = 2147483647;
			files = (
			);
			runOnlyForDeploymentPostprocessing = 0;
		};
/* End PBXResourcesBuildPhase section */

/* Begin PBXShellScriptBuildPhase section */
		1A8813317C473FA16FB05C7A /* [CP] Check Pods Manifest.lock */ = {
			isa = PBXShellScriptBuildPhase;
			buildActionMask = 2147483647;
			files = (
			);
			inputPaths = (
				"${PODS_PODFILE_DIR_PATH}/Podfile.lock",
				"${PODS_ROOT}/Manifest.lock",
			);
			name = "[CP] Check Pods Manifest.lock";
			outputPaths = (
				"$(DERIVED_FILE_DIR)/Pods-PeakOperation-iOSTests-checkManifestLockResult.txt",
			);
			runOnlyForDeploymentPostprocessing = 0;
			shellPath = /bin/sh;
			shellScript = "diff \"${PODS_PODFILE_DIR_PATH}/Podfile.lock\" \"${PODS_ROOT}/Manifest.lock\" > /dev/null\nif [ $? != 0 ] ; then\n    # print error to STDERR\n    echo \"error: The sandbox is not in sync with the Podfile.lock. Run 'pod install' or update your CocoaPods installation.\" >&2\n    exit 1\nfi\n# This output is used by Xcode 'outputs' to avoid re-running this script phase.\necho \"SUCCESS\" > \"${SCRIPT_OUTPUT_FILE_0}\"\n";
			showEnvVarsInLog = 0;
		};
		583D7ADD3FB2065E2885BA39 /* [CP] Check Pods Manifest.lock */ = {
			isa = PBXShellScriptBuildPhase;
			buildActionMask = 2147483647;
			files = (
			);
			inputPaths = (
				"${PODS_PODFILE_DIR_PATH}/Podfile.lock",
				"${PODS_ROOT}/Manifest.lock",
			);
			name = "[CP] Check Pods Manifest.lock";
			outputPaths = (
				"$(DERIVED_FILE_DIR)/Pods-PeakOperation-iOS-checkManifestLockResult.txt",
			);
			runOnlyForDeploymentPostprocessing = 0;
			shellPath = /bin/sh;
			shellScript = "diff \"${PODS_PODFILE_DIR_PATH}/Podfile.lock\" \"${PODS_ROOT}/Manifest.lock\" > /dev/null\nif [ $? != 0 ] ; then\n    # print error to STDERR\n    echo \"error: The sandbox is not in sync with the Podfile.lock. Run 'pod install' or update your CocoaPods installation.\" >&2\n    exit 1\nfi\n# This output is used by Xcode 'outputs' to avoid re-running this script phase.\necho \"SUCCESS\" > \"${SCRIPT_OUTPUT_FILE_0}\"\n";
			showEnvVarsInLog = 0;
		};
		59069A59756EED0769177FB4 /* [CP] Check Pods Manifest.lock */ = {
			isa = PBXShellScriptBuildPhase;
			buildActionMask = 2147483647;
			files = (
			);
			inputPaths = (
				"${PODS_PODFILE_DIR_PATH}/Podfile.lock",
				"${PODS_ROOT}/Manifest.lock",
			);
			name = "[CP] Check Pods Manifest.lock";
			outputPaths = (
				"$(DERIVED_FILE_DIR)/Pods-PeakOperation-macOSTests-checkManifestLockResult.txt",
			);
			runOnlyForDeploymentPostprocessing = 0;
			shellPath = /bin/sh;
			shellScript = "diff \"${PODS_PODFILE_DIR_PATH}/Podfile.lock\" \"${PODS_ROOT}/Manifest.lock\" > /dev/null\nif [ $? != 0 ] ; then\n    # print error to STDERR\n    echo \"error: The sandbox is not in sync with the Podfile.lock. Run 'pod install' or update your CocoaPods installation.\" >&2\n    exit 1\nfi\n# This output is used by Xcode 'outputs' to avoid re-running this script phase.\necho \"SUCCESS\" > \"${SCRIPT_OUTPUT_FILE_0}\"\n";
			showEnvVarsInLog = 0;
		};
		D6AC371085DD08F0BC90ADEE /* [CP] Check Pods Manifest.lock */ = {
			isa = PBXShellScriptBuildPhase;
			buildActionMask = 2147483647;
			files = (
			);
			inputPaths = (
				"${PODS_PODFILE_DIR_PATH}/Podfile.lock",
				"${PODS_ROOT}/Manifest.lock",
			);
			name = "[CP] Check Pods Manifest.lock";
			outputPaths = (
				"$(DERIVED_FILE_DIR)/Pods-PeakOperation-macOS-checkManifestLockResult.txt",
			);
			runOnlyForDeploymentPostprocessing = 0;
			shellPath = /bin/sh;
			shellScript = "diff \"${PODS_PODFILE_DIR_PATH}/Podfile.lock\" \"${PODS_ROOT}/Manifest.lock\" > /dev/null\nif [ $? != 0 ] ; then\n    # print error to STDERR\n    echo \"error: The sandbox is not in sync with the Podfile.lock. Run 'pod install' or update your CocoaPods installation.\" >&2\n    exit 1\nfi\n# This output is used by Xcode 'outputs' to avoid re-running this script phase.\necho \"SUCCESS\" > \"${SCRIPT_OUTPUT_FILE_0}\"\n";
			showEnvVarsInLog = 0;
		};
/* End PBXShellScriptBuildPhase section */

/* Begin PBXSourcesBuildPhase section */
		1864BE6021998B79004E5436 /* Sources */ = {
			isa = PBXSourcesBuildPhase;
			buildActionMask = 2147483647;
			files = (
				1830B15C219D8F7700AC862F /* BlockResultOperation.swift in Sources */,
				1830B163219D8F7700AC862F /* UsingResult.swift in Sources */,
				1830B160219D8F7700AC862F /* MapOperation.swift in Sources */,
				1830B162219D8F7700AC862F /* RetryingOperation.swift in Sources */,
				1830B15F219D8F7700AC862F /* GroupChainOperation.swift in Sources */,
				1830B15E219D8F7700AC862F /* ConcurrentOperation.swift in Sources */,
				1830B15D219D8F7700AC862F /* Collection+Operations.swift in Sources */,
				1830B161219D8F7700AC862F /* Operation+Queue.swift in Sources */,
			);
			runOnlyForDeploymentPostprocessing = 0;
		};
		1864BE6821998B79004E5436 /* Sources */ = {
			isa = PBXSourcesBuildPhase;
			buildActionMask = 2147483647;
			files = (
			);
			runOnlyForDeploymentPostprocessing = 0;
		};
		CB4C11571DF9800600837343 /* Sources */ = {
			isa = PBXSourcesBuildPhase;
			buildActionMask = 2147483647;
			files = (
				CB4C11831DF9818500837343 /* UsingResult.swift in Sources */,
				CB47513C1E3A4A4400A43672 /* Collection+Operations.swift in Sources */,
				CB47513E1E3A4AA500A43672 /* Operation+Queue.swift in Sources */,
				CB4C11841DF9818500837343 /* BlockResultOperation.swift in Sources */,
				8D1A2D781E951E2F001EF435 /* ConcurrentOperation.swift in Sources */,
				CB3178711FD7FE9800B063ED /* GroupChainOperation.swift in Sources */,
				CB4C11811DF9818500837343 /* MapOperation.swift in Sources */,
				CB4C11851DF9818500837343 /* RetryingOperation.swift in Sources */,
			);
			runOnlyForDeploymentPostprocessing = 0;
		};
		CB4C11611DF9800600837343 /* Sources */ = {
			isa = PBXSourcesBuildPhase;
			buildActionMask = 2147483647;
			files = (
				18D0B5B020FCE6E200CD77F6 /* PeakOperationTests.swift in Sources */,
			);
			runOnlyForDeploymentPostprocessing = 0;
		};
/* End PBXSourcesBuildPhase section */

/* Begin PBXTargetDependency section */
		1864BE6F21998B79004E5436 /* PBXTargetDependency */ = {
			isa = PBXTargetDependency;
			target = 1864BE6321998B79004E5436 /* PeakOperation-macOS */;
			targetProxy = 1864BE6E21998B79004E5436 /* PBXContainerItemProxy */;
		};
		CB4C11681DF9800600837343 /* PBXTargetDependency */ = {
			isa = PBXTargetDependency;
			target = CB4C115B1DF9800600837343 /* PeakOperation-iOS */;
			targetProxy = CB4C11671DF9800600837343 /* PBXContainerItemProxy */;
		};
/* End PBXTargetDependency section */

/* Begin XCBuildConfiguration section */
		1864BE7621998B79004E5436 /* Debug */ = {
			isa = XCBuildConfiguration;
			baseConfigurationReference = 764123E2025C68472F9EB8C7 /* Pods-PeakOperation-macOS.debug.xcconfig */;
			buildSettings = {
				CLANG_ANALYZER_NUMBER_OBJECT_CONVERSION = YES_AGGRESSIVE;
				CLANG_CXX_LANGUAGE_STANDARD = "gnu++14";
				CLANG_ENABLE_OBJC_WEAK = YES;
				CLANG_WARN_UNGUARDED_AVAILABILITY = YES_AGGRESSIVE;
				CODE_SIGN_IDENTITY = "-";
				CODE_SIGN_STYLE = Automatic;
				COMBINE_HIDPI_IMAGES = YES;
				DEFINES_MODULE = YES;
				DYLIB_COMPATIBILITY_VERSION = 1;
				DYLIB_CURRENT_VERSION = 1;
				DYLIB_INSTALL_NAME_BASE = "@rpath";
				FRAMEWORK_VERSION = A;
				GCC_C_LANGUAGE_STANDARD = gnu11;
				INFOPLIST_FILE = PeakOperation/Platforms/macOS/Info.plist;
				INSTALL_PATH = "$(LOCAL_LIBRARY_DIR)/Frameworks";
				LD_RUNPATH_SEARCH_PATHS = "$(inherited) @executable_path/../Frameworks @loader_path/Frameworks";
				MACOSX_DEPLOYMENT_TARGET = 10.13;
				MTL_ENABLE_DEBUG_INFO = INCLUDE_SOURCE;
				MTL_FAST_MATH = YES;
				PRODUCT_BUNDLE_IDENTIFIER = "com.3squared.PeakOperation-macOS";
				PRODUCT_NAME = "$(TARGET_NAME:c99extidentifier)";
				SDKROOT = macosx;
				SKIP_INSTALL = YES;
				SWIFT_VERSION = 4.2;
			};
			name = Debug;
		};
		1864BE7721998B79004E5436 /* Release */ = {
			isa = XCBuildConfiguration;
			baseConfigurationReference = D491E143BA2208470DC02111 /* Pods-PeakOperation-macOS.release.xcconfig */;
			buildSettings = {
				CLANG_ANALYZER_NUMBER_OBJECT_CONVERSION = YES_AGGRESSIVE;
				CLANG_CXX_LANGUAGE_STANDARD = "gnu++14";
				CLANG_ENABLE_OBJC_WEAK = YES;
				CLANG_WARN_UNGUARDED_AVAILABILITY = YES_AGGRESSIVE;
				CODE_SIGN_IDENTITY = "-";
				CODE_SIGN_STYLE = Automatic;
				COMBINE_HIDPI_IMAGES = YES;
				DEFINES_MODULE = YES;
				DYLIB_COMPATIBILITY_VERSION = 1;
				DYLIB_CURRENT_VERSION = 1;
				DYLIB_INSTALL_NAME_BASE = "@rpath";
				FRAMEWORK_VERSION = A;
				GCC_C_LANGUAGE_STANDARD = gnu11;
				INFOPLIST_FILE = PeakOperation/Platforms/macOS/Info.plist;
				INSTALL_PATH = "$(LOCAL_LIBRARY_DIR)/Frameworks";
				LD_RUNPATH_SEARCH_PATHS = "$(inherited) @executable_path/../Frameworks @loader_path/Frameworks";
				MACOSX_DEPLOYMENT_TARGET = 10.13;
				MTL_FAST_MATH = YES;
				PRODUCT_BUNDLE_IDENTIFIER = "com.3squared.PeakOperation-macOS";
				PRODUCT_NAME = "$(TARGET_NAME:c99extidentifier)";
				SDKROOT = macosx;
				SKIP_INSTALL = YES;
				SWIFT_VERSION = 4.2;
			};
			name = Release;
		};
		1864BE7921998B79004E5436 /* Debug */ = {
			isa = XCBuildConfiguration;
			baseConfigurationReference = C4D9FC37F36B741BC4BAE8B8 /* Pods-PeakOperation-macOSTests.debug.xcconfig */;
			buildSettings = {
				ALWAYS_EMBED_SWIFT_STANDARD_LIBRARIES = YES;
				CLANG_ANALYZER_NUMBER_OBJECT_CONVERSION = YES_AGGRESSIVE;
				CLANG_CXX_LANGUAGE_STANDARD = "gnu++14";
				CLANG_ENABLE_OBJC_WEAK = YES;
				CLANG_WARN_UNGUARDED_AVAILABILITY = YES_AGGRESSIVE;
				CODE_SIGN_IDENTITY = "-";
				CODE_SIGN_STYLE = Automatic;
				COMBINE_HIDPI_IMAGES = YES;
				GCC_C_LANGUAGE_STANDARD = gnu11;
				INFOPLIST_FILE = "Unit Tests/Platforms/macOS/Info.plist";
				LD_RUNPATH_SEARCH_PATHS = "$(inherited) @executable_path/../Frameworks @loader_path/../Frameworks";
				MACOSX_DEPLOYMENT_TARGET = 10.14;
				MTL_ENABLE_DEBUG_INFO = INCLUDE_SOURCE;
				MTL_FAST_MATH = YES;
				PRODUCT_BUNDLE_IDENTIFIER = "com.3squared.PeakOperation-macOSTests";
				PRODUCT_NAME = "$(TARGET_NAME:c99extidentifier)";
				SDKROOT = macosx;
				SWIFT_VERSION = 4.2;
			};
			name = Debug;
		};
		1864BE7A21998B79004E5436 /* Release */ = {
			isa = XCBuildConfiguration;
			baseConfigurationReference = A02678E7450079FCCCDECEF5 /* Pods-PeakOperation-macOSTests.release.xcconfig */;
			buildSettings = {
				ALWAYS_EMBED_SWIFT_STANDARD_LIBRARIES = YES;
				CLANG_ANALYZER_NUMBER_OBJECT_CONVERSION = YES_AGGRESSIVE;
				CLANG_CXX_LANGUAGE_STANDARD = "gnu++14";
				CLANG_ENABLE_OBJC_WEAK = YES;
				CLANG_WARN_UNGUARDED_AVAILABILITY = YES_AGGRESSIVE;
				CODE_SIGN_IDENTITY = "-";
				CODE_SIGN_STYLE = Automatic;
				COMBINE_HIDPI_IMAGES = YES;
				GCC_C_LANGUAGE_STANDARD = gnu11;
				INFOPLIST_FILE = "Unit Tests/Platforms/macOS/Info.plist";
				LD_RUNPATH_SEARCH_PATHS = "$(inherited) @executable_path/../Frameworks @loader_path/../Frameworks";
				MACOSX_DEPLOYMENT_TARGET = 10.14;
				MTL_FAST_MATH = YES;
				PRODUCT_BUNDLE_IDENTIFIER = "com.3squared.PeakOperation-macOSTests";
				PRODUCT_NAME = "$(TARGET_NAME:c99extidentifier)";
				SDKROOT = macosx;
				SWIFT_VERSION = 4.2;
			};
			name = Release;
		};
		CB4C116E1DF9800600837343 /* Debug */ = {
			isa = XCBuildConfiguration;
			buildSettings = {
				ALWAYS_SEARCH_USER_PATHS = NO;
				CLANG_ANALYZER_NONNULL = YES;
				CLANG_CXX_LANGUAGE_STANDARD = "gnu++0x";
				CLANG_CXX_LIBRARY = "libc++";
				CLANG_ENABLE_MODULES = YES;
				CLANG_ENABLE_OBJC_ARC = YES;
				CLANG_WARN_BLOCK_CAPTURE_AUTORELEASING = YES;
				CLANG_WARN_BOOL_CONVERSION = YES;
				CLANG_WARN_COMMA = YES;
				CLANG_WARN_CONSTANT_CONVERSION = YES;
				CLANG_WARN_DEPRECATED_OBJC_IMPLEMENTATIONS = YES;
				CLANG_WARN_DIRECT_OBJC_ISA_USAGE = YES_ERROR;
				CLANG_WARN_DOCUMENTATION_COMMENTS = YES;
				CLANG_WARN_EMPTY_BODY = YES;
				CLANG_WARN_ENUM_CONVERSION = YES;
				CLANG_WARN_INFINITE_RECURSION = YES;
				CLANG_WARN_INT_CONVERSION = YES;
				CLANG_WARN_NON_LITERAL_NULL_CONVERSION = YES;
				CLANG_WARN_OBJC_IMPLICIT_RETAIN_SELF = YES;
				CLANG_WARN_OBJC_LITERAL_CONVERSION = YES;
				CLANG_WARN_OBJC_ROOT_CLASS = YES_ERROR;
				CLANG_WARN_RANGE_LOOP_ANALYSIS = YES;
				CLANG_WARN_STRICT_PROTOTYPES = YES;
				CLANG_WARN_SUSPICIOUS_MOVE = YES;
				CLANG_WARN_SUSPICIOUS_MOVES = YES;
				CLANG_WARN_UNREACHABLE_CODE = YES;
				CLANG_WARN__DUPLICATE_METHOD_MATCH = YES;
				"CODE_SIGN_IDENTITY[sdk=iphoneos*]" = "iPhone Developer";
				COPY_PHASE_STRIP = NO;
				CURRENT_PROJECT_VERSION = 1;
				DEBUG_INFORMATION_FORMAT = dwarf;
				ENABLE_STRICT_OBJC_MSGSEND = YES;
				ENABLE_TESTABILITY = YES;
				GCC_C_LANGUAGE_STANDARD = gnu99;
				GCC_DYNAMIC_NO_PIC = NO;
				GCC_NO_COMMON_BLOCKS = YES;
				GCC_OPTIMIZATION_LEVEL = 0;
				GCC_PREPROCESSOR_DEFINITIONS = (
					"DEBUG=1",
					"$(inherited)",
				);
				GCC_WARN_64_TO_32_BIT_CONVERSION = YES;
				GCC_WARN_ABOUT_RETURN_TYPE = YES_ERROR;
				GCC_WARN_UNDECLARED_SELECTOR = YES;
				GCC_WARN_UNINITIALIZED_AUTOS = YES_AGGRESSIVE;
				GCC_WARN_UNUSED_FUNCTION = YES;
				GCC_WARN_UNUSED_VARIABLE = YES;
				IPHONEOS_DEPLOYMENT_TARGET = 10.0;
				MTL_ENABLE_DEBUG_INFO = YES;
				ONLY_ACTIVE_ARCH = YES;
				SDKROOT = iphoneos;
				SWIFT_ACTIVE_COMPILATION_CONDITIONS = DEBUG;
				SWIFT_OPTIMIZATION_LEVEL = "-Onone";
				TARGETED_DEVICE_FAMILY = "1,2";
				VERSIONING_SYSTEM = "apple-generic";
				VERSION_INFO_PREFIX = "";
			};
			name = Debug;
		};
		CB4C116F1DF9800600837343 /* Release */ = {
			isa = XCBuildConfiguration;
			buildSettings = {
				ALWAYS_SEARCH_USER_PATHS = NO;
				CLANG_ANALYZER_NONNULL = YES;
				CLANG_CXX_LANGUAGE_STANDARD = "gnu++0x";
				CLANG_CXX_LIBRARY = "libc++";
				CLANG_ENABLE_MODULES = YES;
				CLANG_ENABLE_OBJC_ARC = YES;
				CLANG_WARN_BLOCK_CAPTURE_AUTORELEASING = YES;
				CLANG_WARN_BOOL_CONVERSION = YES;
				CLANG_WARN_COMMA = YES;
				CLANG_WARN_CONSTANT_CONVERSION = YES;
				CLANG_WARN_DEPRECATED_OBJC_IMPLEMENTATIONS = YES;
				CLANG_WARN_DIRECT_OBJC_ISA_USAGE = YES_ERROR;
				CLANG_WARN_DOCUMENTATION_COMMENTS = YES;
				CLANG_WARN_EMPTY_BODY = YES;
				CLANG_WARN_ENUM_CONVERSION = YES;
				CLANG_WARN_INFINITE_RECURSION = YES;
				CLANG_WARN_INT_CONVERSION = YES;
				CLANG_WARN_NON_LITERAL_NULL_CONVERSION = YES;
				CLANG_WARN_OBJC_IMPLICIT_RETAIN_SELF = YES;
				CLANG_WARN_OBJC_LITERAL_CONVERSION = YES;
				CLANG_WARN_OBJC_ROOT_CLASS = YES_ERROR;
				CLANG_WARN_RANGE_LOOP_ANALYSIS = YES;
				CLANG_WARN_STRICT_PROTOTYPES = YES;
				CLANG_WARN_SUSPICIOUS_MOVE = YES;
				CLANG_WARN_SUSPICIOUS_MOVES = YES;
				CLANG_WARN_UNREACHABLE_CODE = YES;
				CLANG_WARN__DUPLICATE_METHOD_MATCH = YES;
				"CODE_SIGN_IDENTITY[sdk=iphoneos*]" = "iPhone Developer";
				COPY_PHASE_STRIP = NO;
				CURRENT_PROJECT_VERSION = 1;
				DEBUG_INFORMATION_FORMAT = "dwarf-with-dsym";
				ENABLE_NS_ASSERTIONS = NO;
				ENABLE_STRICT_OBJC_MSGSEND = YES;
				GCC_C_LANGUAGE_STANDARD = gnu99;
				GCC_NO_COMMON_BLOCKS = YES;
				GCC_WARN_64_TO_32_BIT_CONVERSION = YES;
				GCC_WARN_ABOUT_RETURN_TYPE = YES_ERROR;
				GCC_WARN_UNDECLARED_SELECTOR = YES;
				GCC_WARN_UNINITIALIZED_AUTOS = YES_AGGRESSIVE;
				GCC_WARN_UNUSED_FUNCTION = YES;
				GCC_WARN_UNUSED_VARIABLE = YES;
				IPHONEOS_DEPLOYMENT_TARGET = 10.0;
				MTL_ENABLE_DEBUG_INFO = NO;
				SDKROOT = iphoneos;
				SWIFT_OPTIMIZATION_LEVEL = "-Owholemodule";
				TARGETED_DEVICE_FAMILY = "1,2";
				VALIDATE_PRODUCT = YES;
				VERSIONING_SYSTEM = "apple-generic";
				VERSION_INFO_PREFIX = "";
			};
			name = Release;
		};
		CB4C11711DF9800600837343 /* Debug */ = {
			isa = XCBuildConfiguration;
			baseConfigurationReference = E3067FE28CC26F0E7ACEA0F2 /* Pods-PeakOperation-iOS.debug.xcconfig */;
			buildSettings = {
				CLANG_ENABLE_MODULES = YES;
				CODE_SIGN_IDENTITY = "";
				DEFINES_MODULE = YES;
				DYLIB_COMPATIBILITY_VERSION = 1;
				DYLIB_CURRENT_VERSION = 1;
				DYLIB_INSTALL_NAME_BASE = "@rpath";
				INFOPLIST_FILE = PeakOperation/Platforms/iOS/Info.plist;
				INSTALL_PATH = "$(LOCAL_LIBRARY_DIR)/Frameworks";
				IPHONEOS_DEPLOYMENT_TARGET = 10.0;
				LD_RUNPATH_SEARCH_PATHS = "$(inherited) @executable_path/Frameworks @loader_path/Frameworks";
				PRODUCT_BUNDLE_IDENTIFIER = "com.3squared.PeakOperation-iOS";
				PRODUCT_NAME = "$(TARGET_NAME:c99extidentifier)";
				SKIP_INSTALL = YES;
				SWIFT_OPTIMIZATION_LEVEL = "-Onone";
				SWIFT_VERSION = 4.2;
			};
			name = Debug;
		};
		CB4C11721DF9800600837343 /* Release */ = {
			isa = XCBuildConfiguration;
			baseConfigurationReference = 1A9889E0EFBED43B1C4B338A /* Pods-PeakOperation-iOS.release.xcconfig */;
			buildSettings = {
				CLANG_ENABLE_MODULES = YES;
				CODE_SIGN_IDENTITY = "";
				DEFINES_MODULE = YES;
				DYLIB_COMPATIBILITY_VERSION = 1;
				DYLIB_CURRENT_VERSION = 1;
				DYLIB_INSTALL_NAME_BASE = "@rpath";
				INFOPLIST_FILE = PeakOperation/Platforms/iOS/Info.plist;
				INSTALL_PATH = "$(LOCAL_LIBRARY_DIR)/Frameworks";
				IPHONEOS_DEPLOYMENT_TARGET = 10.0;
				LD_RUNPATH_SEARCH_PATHS = "$(inherited) @executable_path/Frameworks @loader_path/Frameworks";
				PRODUCT_BUNDLE_IDENTIFIER = "com.3squared.PeakOperation-iOS";
				PRODUCT_NAME = "$(TARGET_NAME:c99extidentifier)";
				SKIP_INSTALL = YES;
				SWIFT_VERSION = 4.2;
			};
			name = Release;
		};
		CB4C11741DF9800600837343 /* Debug */ = {
			isa = XCBuildConfiguration;
			baseConfigurationReference = 912B1A5DF9693DF046079D87 /* Pods-PeakOperation-iOSTests.debug.xcconfig */;
			buildSettings = {
				ALWAYS_EMBED_SWIFT_STANDARD_LIBRARIES = YES;
				CLANG_ENABLE_MODULES = YES;
				INFOPLIST_FILE = "Unit Tests/Platforms/iOS/Info.plist";
				LD_RUNPATH_SEARCH_PATHS = "$(inherited) @executable_path/Frameworks @loader_path/Frameworks";
				PRODUCT_BUNDLE_IDENTIFIER = com.3squared.PeakOperationTests;
				PRODUCT_NAME = "$(TARGET_NAME:c99extidentifier)";
				SWIFT_OPTIMIZATION_LEVEL = "-Onone";
				SWIFT_VERSION = 4.2;
			};
			name = Debug;
		};
		CB4C11751DF9800600837343 /* Release */ = {
			isa = XCBuildConfiguration;
			baseConfigurationReference = C539CB07B15B4306F904908F /* Pods-PeakOperation-iOSTests.release.xcconfig */;
			buildSettings = {
				ALWAYS_EMBED_SWIFT_STANDARD_LIBRARIES = YES;
				CLANG_ENABLE_MODULES = YES;
				INFOPLIST_FILE = "Unit Tests/Platforms/iOS/Info.plist";
				LD_RUNPATH_SEARCH_PATHS = "$(inherited) @executable_path/Frameworks @loader_path/Frameworks";
				PRODUCT_BUNDLE_IDENTIFIER = com.3squared.PeakOperationTests;
				PRODUCT_NAME = "$(TARGET_NAME:c99extidentifier)";
				SWIFT_VERSION = 4.2;
			};
			name = Release;
		};
/* End XCBuildConfiguration section */

/* Begin XCConfigurationList section */
		1864BE7521998B79004E5436 /* Build configuration list for PBXNativeTarget "PeakOperation-macOS" */ = {
			isa = XCConfigurationList;
			buildConfigurations = (
				1864BE7621998B79004E5436 /* Debug */,
				1864BE7721998B79004E5436 /* Release */,
			);
			defaultConfigurationIsVisible = 0;
			defaultConfigurationName = Release;
		};
		1864BE7821998B79004E5436 /* Build configuration list for PBXNativeTarget "PeakOperation-macOSTests" */ = {
			isa = XCConfigurationList;
			buildConfigurations = (
				1864BE7921998B79004E5436 /* Debug */,
				1864BE7A21998B79004E5436 /* Release */,
			);
			defaultConfigurationIsVisible = 0;
			defaultConfigurationName = Release;
		};
		CB4C11561DF9800600837343 /* Build configuration list for PBXProject "PeakOperation" */ = {
			isa = XCConfigurationList;
			buildConfigurations = (
				CB4C116E1DF9800600837343 /* Debug */,
				CB4C116F1DF9800600837343 /* Release */,
			);
			defaultConfigurationIsVisible = 0;
			defaultConfigurationName = Release;
		};
		CB4C11701DF9800600837343 /* Build configuration list for PBXNativeTarget "PeakOperation-iOS" */ = {
			isa = XCConfigurationList;
			buildConfigurations = (
				CB4C11711DF9800600837343 /* Debug */,
				CB4C11721DF9800600837343 /* Release */,
			);
			defaultConfigurationIsVisible = 0;
			defaultConfigurationName = Release;
		};
		CB4C11731DF9800600837343 /* Build configuration list for PBXNativeTarget "PeakOperation-iOSTests" */ = {
			isa = XCConfigurationList;
			buildConfigurations = (
				CB4C11741DF9800600837343 /* Debug */,
				CB4C11751DF9800600837343 /* Release */,
			);
			defaultConfigurationIsVisible = 0;
			defaultConfigurationName = Release;
		};
/* End XCConfigurationList section */
	};
	rootObject = CB4C11531DF9800600837343 /* Project object */;
}
